
Microsoft Visual Studio Solution File, Format Version 12.00
# Visual Studio 2013
VisualStudioVersion = 12.0.31101.0
MinimumVisualStudioVersion = 10.0.40219.1
Project("{FAE04EC0-301F-11D3-BF4B-00C04F79EFBC}") = "MK6.GameKeeper", "MK6.GameKeeper\MK6.GameKeeper.csproj", "{54BBA4DB-2EFD-4533-9860-2B016CB9809A}"
EndProject
Project("{FAE04EC0-301F-11D3-BF4B-00C04F79EFBC}") = "MK6.GameKeeper.AddIns.Contracts", "MK6.GameKeeper.AddIns.Contracts\MK6.GameKeeper.AddIns.Contracts.csproj", "{D5E514A4-3B9C-4C2C-8953-56145ADEB6B7}"
EndProject
Project("{FAE04EC0-301F-11D3-BF4B-00C04F79EFBC}") = "MK6.GameKeeper.AddIns.AddInAdapter", "MK6.GameKeeper.AddIns.AddInAdapter\MK6.GameKeeper.AddIns.AddInAdapter.csproj", "{536B3244-3729-401F-8D02-A3DE4DB1ABDD}"
EndProject
Project("{FAE04EC0-301F-11D3-BF4B-00C04F79EFBC}") = "MK6.GameKeeper.AddIns.HostView", "MK6.GameKeeper.AddIns.HostView\MK6.GameKeeper.AddIns.HostView.csproj", "{668E5A68-E06A-4A16-A079-6109BE49E819}"
EndProject
Project("{FAE04EC0-301F-11D3-BF4B-00C04F79EFBC}") = "MK6.GameKeeper.AddIns.HostAdapter", "MK6.GameKeeper.AddIns.HostAdapter\MK6.GameKeeper.AddIns.HostAdapter.csproj", "{394B3E5C-229E-4DE7-B43A-0A9A69DEC17A}"
EndProject
Project("{2150E333-8FDC-42A3-9474-1A3956D46DE8}") = "Solution Items", "Solution Items", "{09F7C729-2F6F-4C03-B641-ACFD84121EED}"
	ProjectSection(SolutionItems) = preProject
		LICENSE = LICENSE
		MK6.GameKeeper.nuspec = MK6.GameKeeper.nuspec
		README.md = README.md
	EndProjectSection
EndProject
Global
	GlobalSection(SolutionConfigurationPlatforms) = preSolution
		Debug|Any CPU = Debug|Any CPU
		Release|Any CPU = Release|Any CPU
	EndGlobalSection
	GlobalSection(ProjectConfigurationPlatforms) = postSolution
		{54BBA4DB-2EFD-4533-9860-2B016CB9809A}.Debug|Any CPU.ActiveCfg = Debug|Any CPU
		{54BBA4DB-2EFD-4533-9860-2B016CB9809A}.Debug|Any CPU.Build.0 = Debug|Any CPU
		{54BBA4DB-2EFD-4533-9860-2B016CB9809A}.Release|Any CPU.ActiveCfg = Release|Any CPU
		{54BBA4DB-2EFD-4533-9860-2B016CB9809A}.Release|Any CPU.Build.0 = Release|Any CPU
		{D5E514A4-3B9C-4C2C-8953-56145ADEB6B7}.Debug|Any CPU.ActiveCfg = Debug|Any CPU
		{D5E514A4-3B9C-4C2C-8953-56145ADEB6B7}.Debug|Any CPU.Build.0 = Debug|Any CPU
		{D5E514A4-3B9C-4C2C-8953-56145ADEB6B7}.Release|Any CPU.ActiveCfg = Release|Any CPU
		{D5E514A4-3B9C-4C2C-8953-56145ADEB6B7}.Release|Any CPU.Build.0 = Release|Any CPU
		{536B3244-3729-401F-8D02-A3DE4DB1ABDD}.Debug|Any CPU.ActiveCfg = Debug|Any CPU
		{536B3244-3729-401F-8D02-A3DE4DB1ABDD}.Debug|Any CPU.Build.0 = Debug|Any CPU
		{536B3244-3729-401F-8D02-A3DE4DB1ABDD}.Release|Any CPU.ActiveCfg = Release|Any CPU
		{536B3244-3729-401F-8D02-A3DE4DB1ABDD}.Release|Any CPU.Build.0 = Release|Any CPU
		{668E5A68-E06A-4A16-A079-6109BE49E819}.Debug|Any CPU.ActiveCfg = Debug|Any CPU
		{668E5A68-E06A-4A16-A079-6109BE49E819}.Debug|Any CPU.Build.0 = Debug|Any CPU
		{668E5A68-E06A-4A16-A079-6109BE49E819}.Release|Any CPU.ActiveCfg = Release|Any CPU
		{668E5A68-E06A-4A16-A079-6109BE49E819}.Release|Any CPU.Build.0 = Release|Any CPU
		{394B3E5C-229E-4DE7-B43A-0A9A69DEC17A}.Debug|Any CPU.ActiveCfg = Debug|Any CPU
		{394B3E5C-229E-4DE7-B43A-0A9A69DEC17A}.Debug|Any CPU.Build.0 = Debug|Any CPU
		{394B3E5C-229E-4DE7-B43A-0A9A69DEC17A}.Release|Any CPU.ActiveCfg = Release|Any CPU
		{394B3E5C-229E-4DE7-B43A-0A9A69DEC17A}.Release|Any CPU.Build.0 = Release|Any CPU
	EndGlobalSection
	GlobalSection(SolutionProperties) = preSolution
		HideSolutionNode = FALSE
	EndGlobalSection
EndGlobal
